
Microsoft Visual Studio Solution File, Format Version 12.00
# Visual Studio Version 17
VisualStudioVersion = 17.2.32616.157
MinimumVisualStudioVersion = 10.0.40219.1
Project("{8BC9CEB8-8B4A-11D0-8D11-00A0C91BC942}") = "CCE-App2", "CCE-App2.vcxproj", "{328E4472-7BF5-4053-9B2F-D30AD5D44C27}"
EndProject
Global
	GlobalSection(SolutionConfigurationPlatforms) = preSolution
		Debug|x64 = Debug|x64
		Debug|x86 = Debug|x86
		Release|x64 = Release|x64
		Release|x86 = Release|x86
	EndGlobalSection
	GlobalSection(ProjectConfigurationPlatforms) = postSolution
		{328E4472-7BF5-4053-9B2F-D30AD5D44C27}.Debug|x64.ActiveCfg = Debug|x64
		{328E4472-7BF5-4053-9B2F-D30AD5D44C27}.Debug|x64.Build.0 = Debug|x64
		{328E4472-7BF5-4053-9B2F-D30AD5D44C27}.Debug|x86.ActiveCfg = Debug|Win32
		{328E4472-7BF5-4053-9B2F-D30AD5D44C27}.Debug|x86.Build.0 = Debug|Win32
		{328E4472-7BF5-4053-9B2F-D30AD5D44C27}.Release|x64.ActiveCfg = Release|x64
		{328E4472-7BF5-4053-9B2F-D30AD5D44C27}.Release|x64.Build.0 = Release|x64
		{328E4472-7BF5-4053-9B2F-D30AD5D44C27}.Release|x86.ActiveCfg = Release|Win32
		{328E4472-7BF5-4053-9B2F-D30AD5D44C27}.Release|x86.Build.0 = Release|Win32
	EndGlobalSection
	GlobalSection(SolutionProperties) = preSolution
		HideSolutionNode = FALSE
	EndGlobalSection
	GlobalSection(ExtensibilityGlobals) = postSolution
		SolutionGuid = {AF9AF3CF-1DF4-4DE2-9866-1BC77C65E6C7}
	EndGlobalSection
EndGlobal
